// !$*UTF8*$!
{
	archiveVersion = 1;
	classes = {
	};
	objectVersion = 46;
	objects = {

/* Begin PBXBuildFile section */
		C8312F9D1C6098AF00F7E047 /* AppDelegate.swift in Sources */ = {isa = PBXBuildFile; fileRef = C8312F9C1C6098AF00F7E047 /* AppDelegate.swift */; };
		C8312F9F1C6098AF00F7E047 /* ViewController.swift in Sources */ = {isa = PBXBuildFile; fileRef = C8312F9E1C6098AF00F7E047 /* ViewController.swift */; };
		C8312FA21C6098AF00F7E047 /* Main.storyboard in Resources */ = {isa = PBXBuildFile; fileRef = C8312FA01C6098AF00F7E047 /* Main.storyboard */; };
		C8312FA41C6098AF00F7E047 /* Assets.xcassets in Resources */ = {isa = PBXBuildFile; fileRef = C8312FA31C6098AF00F7E047 /* Assets.xcassets */; };
		C8312FA71C6098AF00F7E047 /* LaunchScreen.storyboard in Resources */ = {isa = PBXBuildFile; fileRef = C8312FA51C6098AF00F7E047 /* LaunchScreen.storyboard */; };
		C8312FAF1C6098D900F7E047 /* TopSlider.swift in Sources */ = {isa = PBXBuildFile; fileRef = C8312FAE1C6098D900F7E047 /* TopSlider.swift */; };
		C8312FB11C60999200F7E047 /* SliderRenderer.swift in Sources */ = {isa = PBXBuildFile; fileRef = C8312FB01C60999200F7E047 /* SliderRenderer.swift */; };
/* End PBXBuildFile section */

/* Begin PBXFileReference section */
		C8312F991C6098AF00F7E047 /* TopSlider.app */ = {isa = PBXFileReference; explicitFileType = wrapper.application; includeInIndex = 0; path = TopSlider.app; sourceTree = BUILT_PRODUCTS_DIR; };
		C8312F9C1C6098AF00F7E047 /* AppDelegate.swift */ = {isa = PBXFileReference; lastKnownFileType = sourcecode.swift; path = AppDelegate.swift; sourceTree = "<group>"; };
		C8312F9E1C6098AF00F7E047 /* ViewController.swift */ = {isa = PBXFileReference; lastKnownFileType = sourcecode.swift; path = ViewController.swift; sourceTree = "<group>"; };
		C8312FA11C6098AF00F7E047 /* Base */ = {isa = PBXFileReference; lastKnownFileType = file.storyboard; name = Base; path = Base.lproj/Main.storyboard; sourceTree = "<group>"; };
		C8312FA31C6098AF00F7E047 /* Assets.xcassets */ = {isa = PBXFileReference; lastKnownFileType = folder.assetcatalog; path = Assets.xcassets; sourceTree = "<group>"; };
		C8312FA61C6098AF00F7E047 /* Base */ = {isa = PBXFileReference; lastKnownFileType = file.storyboard; name = Base; path = Base.lproj/LaunchScreen.storyboard; sourceTree = "<group>"; };
		C8312FA81C6098AF00F7E047 /* Info.plist */ = {isa = PBXFileReference; lastKnownFileType = text.plist.xml; path = Info.plist; sourceTree = "<group>"; };
		C8312FAE1C6098D900F7E047 /* TopSlider.swift */ = {isa = PBXFileReference; fileEncoding = 4; lastKnownFileType = sourcecode.swift; path = TopSlider.swift; sourceTree = "<group>"; };
		C8312FB01C60999200F7E047 /* SliderRenderer.swift */ = {isa = PBXFileReference; fileEncoding = 4; lastKnownFileType = sourcecode.swift; path = SliderRenderer.swift; sourceTree = "<group>"; };
/* End PBXFileReference section */

/* Begin PBXFrameworksBuildPhase section */
		C8312F961C6098AF00F7E047 /* Frameworks */ = {
			isa = PBXFrameworksBuildPhase;
			buildActionMask = 2147483647;
			files = (
			);
			runOnlyForDeploymentPostprocessing = 0;
		};
/* End PBXFrameworksBuildPhase section */

/* Begin PBXGroup section */
		C8312F901C6098AF00F7E047 = {
			isa = PBXGroup;
			children = (
				C8312F9B1C6098AF00F7E047 /* TopSlider */,
				C8312F9A1C6098AF00F7E047 /* Products */,
			);
			sourceTree = "<group>";
		};
		C8312F9A1C6098AF00F7E047 /* Products */ = {
			isa = PBXGroup;
			children = (
				C8312F991C6098AF00F7E047 /* TopSlider.app */,
			);
			name = Products;
			sourceTree = "<group>";
		};
		C8312F9B1C6098AF00F7E047 /* TopSlider */ = {
			isa = PBXGroup;
			children = (
				C8312F9C1C6098AF00F7E047 /* AppDelegate.swift */,
				C8312F9E1C6098AF00F7E047 /* ViewController.swift */,
				C8312FA01C6098AF00F7E047 /* Main.storyboard */,
				C8312FA31C6098AF00F7E047 /* Assets.xcassets */,
				C8312FA51C6098AF00F7E047 /* LaunchScreen.storyboard */,
				C8312FA81C6098AF00F7E047 /* Info.plist */,
				C8312FAE1C6098D900F7E047 /* TopSlider.swift */,
				C8312FB01C60999200F7E047 /* SliderRenderer.swift */,
			);
			path = TopSlider;
			sourceTree = "<group>";
		};
/* End PBXGroup section */

/* Begin PBXNativeTarget section */
		C8312F981C6098AF00F7E047 /* TopSlider */ = {
			isa = PBXNativeTarget;
			buildConfigurationList = C8312FAB1C6098AF00F7E047 /* Build configuration list for PBXNativeTarget "TopSlider" */;
			buildPhases = (
				C8312F951C6098AF00F7E047 /* Sources */,
				C8312F961C6098AF00F7E047 /* Frameworks */,
				C8312F971C6098AF00F7E047 /* Resources */,
			);
			buildRules = (
			);
			dependencies = (
			);
			name = TopSlider;
			productName = TopSlider;
			productReference = C8312F991C6098AF00F7E047 /* TopSlider.app */;
			productType = "com.apple.product-type.application";
		};
/* End PBXNativeTarget section */

/* Begin PBXProject section */
		C8312F911C6098AF00F7E047 /* Project object */ = {
			isa = PBXProject;
			attributes = {
				LastSwiftUpdateCheck = 0720;
				LastUpgradeCheck = 0720;
				ORGANIZATIONNAME = "霍伟元";
				TargetAttributes = {
					C8312F981C6098AF00F7E047 = {
						CreatedOnToolsVersion = 7.2;
					};
				};
			};
			buildConfigurationList = C8312F941C6098AF00F7E047 /* Build configuration list for PBXProject "TopSlider" */;
			compatibilityVersion = "Xcode 3.2";
			developmentRegion = English;
			hasScannedForEncodings = 0;
			knownRegions = (
				en,
				Base,
			);
			mainGroup = C8312F901C6098AF00F7E047;
			productRefGroup = C8312F9A1C6098AF00F7E047 /* Products */;
			projectDirPath = "";
			projectRoot = "";
			targets = (
				C8312F981C6098AF00F7E047 /* TopSlider */,
			);
		};
/* End PBXProject section */

/* Begin PBXResourcesBuildPhase section */
		C8312F971C6098AF00F7E047 /* Resources */ = {
			isa = PBXResourcesBuildPhase;
			buildActionMask = 2147483647;
			files = (
				C8312FA71C6098AF00F7E047 /* LaunchScreen.storyboard in Resources */,
				C8312FA41C6098AF00F7E047 /* Assets.xcassets in Resources */,
				C8312FA21C6098AF00F7E047 /* Main.storyboard in Resources */,
			);
			runOnlyForDeploymentPostprocessing = 0;
		};
/* End PBXResourcesBuildPhase section */

/* Begin PBXSourcesBuildPhase section */
		C8312F951C6098AF00F7E047 /* Sources */ = {
			isa = PBXSourcesBuildPhase;
			buildActionMask = 2147483647;
			files = (
				C8312FAF1C6098D900F7E047 /* TopSlider.swift in Sources */,
				C8312FB11C60999200F7E047 /* SliderRenderer.swift in Sources */,
				C8312F9F1C6098AF00F7E047 /* ViewController.swift in Sources */,
				C8312F9D1C6098AF00F7E047 /* AppDelegate.swift in Sources */,
			);
			runOnlyForDeploymentPostprocessing = 0;
		};
/* End PBXSourcesBuildPhase section */

/* Begin PBXVariantGroup section */
		C8312FA01C6098AF00F7E047 /* Main.storyboard */ = {
			isa = PBXVariantGroup;
			children = (
				C8312FA11C6098AF00F7E047 /* Base */,
			);
			name = Main.storyboard;
			sourceTree = "<group>";
		};
		C8312FA51C6098AF00F7E047 /* LaunchScreen.storyboard */ = {
			isa = PBXVariantGroup;
			children = (
				C8312FA61C6098AF00F7E047 /* Base */,
			);
			name = LaunchScreen.storyboard;
			sourceTree = "<group>";
		};
/* End PBXVariantGroup section */

/* Begin XCBuildConfiguration section */
		C8312FA91C6098AF00F7E047 /* Debug */ = {
			isa = XCBuildConfiguration;
			buildSettings = {
				ALWAYS_SEARCH_USER_PATHS = NO;
				CLANG_CXX_LANGUAGE_STANDARD = "gnu++0x";
				CLANG_CXX_LIBRARY = "libc++";
				CLANG_ENABLE_MODULES = YES;
				CLANG_ENABLE_OBJC_ARC = YES;
				CLANG_WARN_BOOL_CONVERSION = YES;
				CLANG_WARN_CONSTANT_CONVERSION = YES;
				CLANG_WARN_DIRECT_OBJC_ISA_USAGE = YES_ERROR;
				CLANG_WARN_EMPTY_BODY = YES;
				CLANG_WARN_ENUM_CONVERSION = YES;
				CLANG_WARN_INT_CONVERSION = YES;
				CLANG_WARN_OBJC_ROOT_CLASS = YES_ERROR;
				CLANG_WARN_UNREACHABLE_CODE = YES;
				CLANG_WARN__DUPLICATE_METHOD_MATCH = YES;
				"CODE_SIGN_IDENTITY[sdk=iphoneos*]" = "iPhone Developer";
				COPY_PHASE_STRIP = NO;
				DEBUG_INFORMATION_FORMAT = dwarf;
				ENABLE_STRICT_OBJC_MSGSEND = YES;
				ENABLE_TESTABILITY = YES;
				GCC_C_LANGUAGE_STANDARD = gnu99;
				GCC_DYNAMIC_NO_PIC = NO;
				GCC_NO_COMMON_BLOCKS = YES;
				GCC_OPTIMIZATION_LEVEL = 0;
				GCC_PREPROCESSOR_DEFINITIONS = (
					"DEBUG=1",
					"$(inherited)",
				);
				GCC_WARN_64_TO_32_BIT_CONVERSION = YES;
				GCC_WARN_ABOUT_RETURN_TYPE = YES_ERROR;
				GCC_WARN_UNDECLARED_SELECTOR = YES;
				GCC_WARN_UNINITIALIZED_AUTOS = YES_AGGRESSIVE;
				GCC_WARN_UNUSED_FUNCTION = YES;
				GCC_WARN_UNUSED_VARIABLE = YES;
				IPHONEOS_DEPLOYMENT_TARGET = 9.2;
				MTL_ENABLE_DEBUG_INFO = YES;
				ONLY_ACTIVE_ARCH = YES;
				SDKROOT = iphoneos;
				SWIFT_OPTIMIZATION_LEVEL = "-Onone";
			};
			name = Debug;
		};
		C8312FAA1C6098AF00F7E047 /* Release */ = {
			isa = XCBuildConfiguration;
			buildSettings = {
				ALWAYS_SEARCH_USER_PATHS = NO;
				CLANG_CXX_LANGUAGE_STANDARD = "gnu++0x";
				CLANG_CXX_LIBRARY = "libc++";
				CLANG_ENABLE_MODULES = YES;
				CLANG_ENABLE_OBJC_ARC = YES;
				CLANG_WARN_BOOL_CONVERSION = YES;
				CLANG_WARN_CONSTANT_CONVERSION = YES;
				CLANG_WARN_DIRECT_OBJC_ISA_USAGE = YES_ERROR;
				CLANG_WARN_EMPTY_BODY = YES;
				CLANG_WARN_ENUM_CONVERSION = YES;
				CLANG_WARN_INT_CONVERSION = YES;
				CLANG_WARN_OBJC_ROOT_CLASS = YES_ERROR;
				CLANG_WARN_UNREACHABLE_CODE = YES;
				CLANG_WARN__DUPLICATE_METHOD_MATCH = YES;
				"CODE_SIGN_IDENTITY[sdk=iphoneos*]" = "iPhone Developer";
				COPY_PHASE_STRIP = NO;
				DEBUG_INFORMATION_FORMAT = "dwarf-with-dsym";
				ENABLE_NS_ASSERTIONS = NO;
				ENABLE_STRICT_OBJC_MSGSEND = YES;
				GCC_C_LANGUAGE_STANDARD = gnu99;
				GCC_NO_COMMON_BLOCKS = YES;
				GCC_WARN_64_TO_32_BIT_CONVERSION = YES;
				GCC_WARN_ABOUT_RETURN_TYPE = YES_ERROR;
				GCC_WARN_UNDECLARED_SELECTOR = YES;
				GCC_WARN_UNINITIALIZED_AUTOS = YES_AGGRESSIVE;
				GCC_WARN_UNUSED_FUNCTION = YES;
				GCC_WARN_UNUSED_VARIABLE = YES;
				IPHONEOS_DEPLOYMENT_TARGET = 9.2;
				MTL_ENABLE_DEBUG_INFO = NO;
				SDKROOT = iphoneos;
				VALIDATE_PRODUCT = YES;
			};
			name = Release;
		};
		C8312FAC1C6098AF00F7E047 /* Debug */ = {
			isa = XCBuildConfiguration;
			buildSettings = {
				ASSETCATALOG_COMPILER_APPICON_NAME = AppIcon;
				INFOPLIST_FILE = TopSlider/Info.plist;
				LD_RUNPATH_SEARCH_PATHS = "$(inherited) @executable_path/Frameworks";
				PRODUCT_BUNDLE_IDENTIFIER = com.hou.TopSlider;
				PRODUCT_NAME = "$(TARGET_NAME)";
			};
			name = Debug;
		};
		C8312FAD1C6098AF00F7E047 /* Release */ = {
			isa = XCBuildConfiguration;
			buildSettings = {
				ASSETCATALOG_COMPILER_APPICON_NAME = AppIcon;
				INFOPLIST_FILE = TopSlider/Info.plist;
				LD_RUNPATH_SEARCH_PATHS = "$(inherited) @executable_path/Frameworks";
				PRODUCT_BUNDLE_IDENTIFIER = com.hou.TopSlider;
				PRODUCT_NAME = "$(TARGET_NAME)";
			};
			name = Release;
		};
/* End XCBuildConfiguration section */

/* Begin XCConfigurationList section */
		C8312F941C6098AF00F7E047 /* Build configuration list for PBXProject "TopSlider" */ = {
			isa = XCConfigurationList;
			buildConfigurations = (
				C8312FA91C6098AF00F7E047 /* Debug */,
				C8312FAA1C6098AF00F7E047 /* Release */,
			);
			defaultConfigurationIsVisible = 0;
			defaultConfigurationName = Release;
		};
		C8312FAB1C6098AF00F7E047 /* Build configuration list for PBXNativeTarget "TopSlider" */ = {
			isa = XCConfigurationList;
			buildConfigurations = (
				C8312FAC1C6098AF00F7E047 /* Debug */,
				C8312FAD1C6098AF00F7E047 /* Release */,
			);
			defaultConfigurationIsVisible = 0;
		};
/* End XCConfigurationList section */
	};
	rootObject = C8312F911C6098AF00F7E047 /* Project object */;
}
